
Microsoft Visual Studio Solution File, Format Version 12.00
# Visual Studio Version 17
VisualStudioVersion = 17.14.36414.22 d17.14
MinimumVisualStudioVersion = 10.0.40219.1
Project("{FAE04EC0-301F-11D3-BF4B-00C04F79EFBC}") = "Laboratorio 8-1", "Laboratorio 8-1\Laboratorio 8-1.csproj", "{08DEF50A-0AC4-4CDC-BD63-5FDCB2692E8A}"
EndProject
Project("{FAE04EC0-301F-11D3-BF4B-00C04F79EFBC}") = "Laboratorio 8-2", "Laboratorio 8-2\Laboratorio 8-2.csproj", "{0BC03F42-BE07-4FA6-A6CC-206CFD5488A1}"
EndProject
Project("{FAE04EC0-301F-11D3-BF4B-00C04F79EFBC}") = "Laboratorio 8-3", "Laboratorio 8-3\Laboratorio 8-3.csproj", "{A79CA168-A2DB-4217-BCB7-17EBA4981C4D}"
EndProject
Project("{FAE04EC0-301F-11D3-BF4B-00C04F79EFBC}") = "Laboratorio 8-4", "Laboratorio 8-4\Laboratorio 8-4.csproj", "{54A3CEF0-F974-4137-9AEC-E6188A370E96}"
EndProject
Project("{FAE04EC0-301F-11D3-BF4B-00C04F79EFBC}") = "Laboratorio 8-5", "Laboratorio 8-5\Laboratorio 8-5.csproj", "{F70ADB96-F41E-42EA-9FB3-0D0C612BA876}"
EndProject
Project("{FAE04EC0-301F-11D3-BF4B-00C04F79EFBC}") = "Laboratorio 8-6", "Laboratorio 8-6\Laboratorio 8-6.csproj", "{78931974-4880-4537-8075-C5CB39A5D6D6}"
EndProject
Global
	GlobalSection(SolutionConfigurationPlatforms) = preSolution
		Debug|Any CPU = Debug|Any CPU
		Release|Any CPU = Release|Any CPU
	EndGlobalSection
	GlobalSection(ProjectConfigurationPlatforms) = postSolution
		{08DEF50A-0AC4-4CDC-BD63-5FDCB2692E8A}.Debug|Any CPU.ActiveCfg = Debug|Any CPU
		{08DEF50A-0AC4-4CDC-BD63-5FDCB2692E8A}.Debug|Any CPU.Build.0 = Debug|Any CPU
		{08DEF50A-0AC4-4CDC-BD63-5FDCB2692E8A}.Release|Any CPU.ActiveCfg = Release|Any CPU
		{08DEF50A-0AC4-4CDC-BD63-5FDCB2692E8A}.Release|Any CPU.Build.0 = Release|Any CPU
		{0BC03F42-BE07-4FA6-A6CC-206CFD5488A1}.Debug|Any CPU.ActiveCfg = Debug|Any CPU
		{0BC03F42-BE07-4FA6-A6CC-206CFD5488A1}.Debug|Any CPU.Build.0 = Debug|Any CPU
		{0BC03F42-BE07-4FA6-A6CC-206CFD5488A1}.Release|Any CPU.ActiveCfg = Release|Any CPU
		{0BC03F42-BE07-4FA6-A6CC-206CFD5488A1}.Release|Any CPU.Build.0 = Release|Any CPU
		{A79CA168-A2DB-4217-BCB7-17EBA4981C4D}.Debug|Any CPU.ActiveCfg = Debug|Any CPU
		{A79CA168-A2DB-4217-BCB7-17EBA4981C4D}.Debug|Any CPU.Build.0 = Debug|Any CPU
		{A79CA168-A2DB-4217-BCB7-17EBA4981C4D}.Release|Any CPU.ActiveCfg = Release|Any CPU
		{A79CA168-A2DB-4217-BCB7-17EBA4981C4D}.Release|Any CPU.Build.0 = Release|Any CPU
		{54A3CEF0-F974-4137-9AEC-E6188A370E96}.Debug|Any CPU.ActiveCfg = Debug|Any CPU
		{54A3CEF0-F974-4137-9AEC-E6188A370E96}.Debug|Any CPU.Build.0 = Debug|Any CPU
		{54A3CEF0-F974-4137-9AEC-E6188A370E96}.Release|Any CPU.ActiveCfg = Release|Any CPU
		{54A3CEF0-F974-4137-9AEC-E6188A370E96}.Release|Any CPU.Build.0 = Release|Any CPU
		{F70ADB96-F41E-42EA-9FB3-0D0C612BA876}.Debug|Any CPU.ActiveCfg = Debug|Any CPU
		{F70ADB96-F41E-42EA-9FB3-0D0C612BA876}.Debug|Any CPU.Build.0 = Debug|Any CPU
		{F70ADB96-F41E-42EA-9FB3-0D0C612BA876}.Release|Any CPU.ActiveCfg = Release|Any CPU
		{F70ADB96-F41E-42EA-9FB3-0D0C612BA876}.Release|Any CPU.Build.0 = Release|Any CPU
		{78931974-4880-4537-8075-C5CB39A5D6D6}.Debug|Any CPU.ActiveCfg = Debug|Any CPU
		{78931974-4880-4537-8075-C5CB39A5D6D6}.Debug|Any CPU.Build.0 = Debug|Any CPU
		{78931974-4880-4537-8075-C5CB39A5D6D6}.Release|Any CPU.ActiveCfg = Release|Any CPU
		{78931974-4880-4537-8075-C5CB39A5D6D6}.Release|Any CPU.Build.0 = Release|Any CPU
	EndGlobalSection
	GlobalSection(SolutionProperties) = preSolution
		HideSolutionNode = FALSE
	EndGlobalSection
	GlobalSection(ExtensibilityGlobals) = postSolution
		SolutionGuid = {753FCA2E-BC9A-4A8C-8DC6-6CDE72A8C460}
	EndGlobalSection
EndGlobal
