
Microsoft Visual Studio Solution File, Format Version 12.00
# Visual Studio Version 17
VisualStudioVersion = 17.14.36414.22 d17.14
MinimumVisualStudioVersion = 10.0.40219.1
Project("{FAE04EC0-301F-11D3-BF4B-00C04F79EFBC}") = "Laboratorio 8-1", "Laboratorio 8-1\Laboratorio 8-1.csproj", "{08DEF50A-0AC4-4CDC-BD63-5FDCB2692E8A}"
EndProject
Project("{FAE04EC0-301F-11D3-BF4B-00C04F79EFBC}") = "Laboratorio 8-2", "Laboratorio 8-2\Laboratorio 8-2.csproj", "{0BC03F42-BE07-4FA6-A6CC-206CFD5488A1}"
EndProject
Global
	GlobalSection(SolutionConfigurationPlatforms) = preSolution
		Debug|Any CPU = Debug|Any CPU
		Release|Any CPU = Release|Any CPU
	EndGlobalSection
	GlobalSection(ProjectConfigurationPlatforms) = postSolution
		{08DEF50A-0AC4-4CDC-BD63-5FDCB2692E8A}.Debug|Any CPU.ActiveCfg = Debug|Any CPU
		{08DEF50A-0AC4-4CDC-BD63-5FDCB2692E8A}.Debug|Any CPU.Build.0 = Debug|Any CPU
		{08DEF50A-0AC4-4CDC-BD63-5FDCB2692E8A}.Release|Any CPU.ActiveCfg = Release|Any CPU
		{08DEF50A-0AC4-4CDC-BD63-5FDCB2692E8A}.Release|Any CPU.Build.0 = Release|Any CPU
		{0BC03F42-BE07-4FA6-A6CC-206CFD5488A1}.Debug|Any CPU.ActiveCfg = Debug|Any CPU
		{0BC03F42-BE07-4FA6-A6CC-206CFD5488A1}.Debug|Any CPU.Build.0 = Debug|Any CPU
		{0BC03F42-BE07-4FA6-A6CC-206CFD5488A1}.Release|Any CPU.ActiveCfg = Release|Any CPU
		{0BC03F42-BE07-4FA6-A6CC-206CFD5488A1}.Release|Any CPU.Build.0 = Release|Any CPU
	EndGlobalSection
	GlobalSection(SolutionProperties) = preSolution
		HideSolutionNode = FALSE
	EndGlobalSection
	GlobalSection(ExtensibilityGlobals) = postSolution
		SolutionGuid = {753FCA2E-BC9A-4A8C-8DC6-6CDE72A8C460}
	EndGlobalSection
EndGlobal
