
Microsoft Visual Studio Solution File, Format Version 12.00
# Visual Studio Version 17
VisualStudioVersion = 17.14.36414.22
MinimumVisualStudioVersion = 10.0.40219.1
Project("{FAE04EC0-301F-11D3-BF4B-00C04F79EFBC}") = "Laboratorio 4", "Laboratorio 4\Laboratorio 4.csproj", "{5AE41525-F41D-450F-97EB-4348D0A8DB4F}"
EndProject
Project("{FAE04EC0-301F-11D3-BF4B-00C04F79EFBC}") = "Laboratorio 4-1", "Laboratorio 4-1\Laboratorio 4-1.csproj", "{FFB778D6-4FDC-44DF-B495-19348F9AA958}"
EndProject
Project("{FAE04EC0-301F-11D3-BF4B-00C04F79EFBC}") = "Laboratorio 4-2", "Laboratorio 4-2\Laboratorio 4-2.csproj", "{A3BB5CF7-551C-4DEA-8DE2-4E03C3750B09}"
EndProject
Project("{FAE04EC0-301F-11D3-BF4B-00C04F79EFBC}") = "Laboratorio 4-3", "Laboratorio 4-3\Laboratorio 4-3.csproj", "{9C33B171-B0BB-467C-BF9E-B9FF1E2BCE61}"
EndProject
Project("{FAE04EC0-301F-11D3-BF4B-00C04F79EFBC}") = "Laboratorio 4-4", "Laboratorio 4-4\Laboratorio 4-4.csproj", "{329B6F59-8A2B-4663-A204-1F3678826D4C}"
EndProject
Project("{FAE04EC0-301F-11D3-BF4B-00C04F79EFBC}") = "Laboratorio 4-5", "Laboratorio 4-5\Laboratorio 4-5.csproj", "{D6049C73-B661-4981-A7AF-A67C6EEAC20D}"
EndProject
Project("{FAE04EC0-301F-11D3-BF4B-00C04F79EFBC}") = "Laboratorio 4-6", "Laboratorio 4-6\Laboratorio 4-6.csproj", "{85A56429-F7D2-4B5D-A68A-B9A273AD7183}"
EndProject
Global
	GlobalSection(SolutionConfigurationPlatforms) = preSolution
		Debug|Any CPU = Debug|Any CPU
		Release|Any CPU = Release|Any CPU
	EndGlobalSection
	GlobalSection(ProjectConfigurationPlatforms) = postSolution
		{5AE41525-F41D-450F-97EB-4348D0A8DB4F}.Debug|Any CPU.ActiveCfg = Debug|Any CPU
		{5AE41525-F41D-450F-97EB-4348D0A8DB4F}.Debug|Any CPU.Build.0 = Debug|Any CPU
		{5AE41525-F41D-450F-97EB-4348D0A8DB4F}.Release|Any CPU.ActiveCfg = Release|Any CPU
		{5AE41525-F41D-450F-97EB-4348D0A8DB4F}.Release|Any CPU.Build.0 = Release|Any CPU
		{FFB778D6-4FDC-44DF-B495-19348F9AA958}.Debug|Any CPU.ActiveCfg = Debug|Any CPU
		{FFB778D6-4FDC-44DF-B495-19348F9AA958}.Debug|Any CPU.Build.0 = Debug|Any CPU
		{FFB778D6-4FDC-44DF-B495-19348F9AA958}.Release|Any CPU.ActiveCfg = Release|Any CPU
		{FFB778D6-4FDC-44DF-B495-19348F9AA958}.Release|Any CPU.Build.0 = Release|Any CPU
		{A3BB5CF7-551C-4DEA-8DE2-4E03C3750B09}.Debug|Any CPU.ActiveCfg = Debug|Any CPU
		{A3BB5CF7-551C-4DEA-8DE2-4E03C3750B09}.Debug|Any CPU.Build.0 = Debug|Any CPU
		{A3BB5CF7-551C-4DEA-8DE2-4E03C3750B09}.Release|Any CPU.ActiveCfg = Release|Any CPU
		{A3BB5CF7-551C-4DEA-8DE2-4E03C3750B09}.Release|Any CPU.Build.0 = Release|Any CPU
		{9C33B171-B0BB-467C-BF9E-B9FF1E2BCE61}.Debug|Any CPU.ActiveCfg = Debug|Any CPU
		{9C33B171-B0BB-467C-BF9E-B9FF1E2BCE61}.Debug|Any CPU.Build.0 = Debug|Any CPU
		{9C33B171-B0BB-467C-BF9E-B9FF1E2BCE61}.Release|Any CPU.ActiveCfg = Release|Any CPU
		{9C33B171-B0BB-467C-BF9E-B9FF1E2BCE61}.Release|Any CPU.Build.0 = Release|Any CPU
		{329B6F59-8A2B-4663-A204-1F3678826D4C}.Debug|Any CPU.ActiveCfg = Debug|Any CPU
		{329B6F59-8A2B-4663-A204-1F3678826D4C}.Debug|Any CPU.Build.0 = Debug|Any CPU
		{329B6F59-8A2B-4663-A204-1F3678826D4C}.Release|Any CPU.ActiveCfg = Release|Any CPU
		{329B6F59-8A2B-4663-A204-1F3678826D4C}.Release|Any CPU.Build.0 = Release|Any CPU
		{D6049C73-B661-4981-A7AF-A67C6EEAC20D}.Debug|Any CPU.ActiveCfg = Debug|Any CPU
		{D6049C73-B661-4981-A7AF-A67C6EEAC20D}.Debug|Any CPU.Build.0 = Debug|Any CPU
		{D6049C73-B661-4981-A7AF-A67C6EEAC20D}.Release|Any CPU.ActiveCfg = Release|Any CPU
		{D6049C73-B661-4981-A7AF-A67C6EEAC20D}.Release|Any CPU.Build.0 = Release|Any CPU
		{85A56429-F7D2-4B5D-A68A-B9A273AD7183}.Debug|Any CPU.ActiveCfg = Debug|Any CPU
		{85A56429-F7D2-4B5D-A68A-B9A273AD7183}.Debug|Any CPU.Build.0 = Debug|Any CPU
		{85A56429-F7D2-4B5D-A68A-B9A273AD7183}.Release|Any CPU.ActiveCfg = Release|Any CPU
		{85A56429-F7D2-4B5D-A68A-B9A273AD7183}.Release|Any CPU.Build.0 = Release|Any CPU
	EndGlobalSection
	GlobalSection(SolutionProperties) = preSolution
		HideSolutionNode = FALSE
	EndGlobalSection
	GlobalSection(ExtensibilityGlobals) = postSolution
		SolutionGuid = {98BA1626-BAAE-4B78-B402-7F196D426073}
	EndGlobalSection
EndGlobal
