
Microsoft Visual Studio Solution File, Format Version 12.00
# Visual Studio Version 17
VisualStudioVersion = 17.14.36414.22 d17.14
MinimumVisualStudioVersion = 10.0.40219.1
Project("{FAE04EC0-301F-11D3-BF4B-00C04F79EFBC}") = "Laboratorio 6", "Laboratorio 6\Laboratorio 6.csproj", "{C21E6F70-46D5-475F-BC99-2FC353866FE2}"
EndProject
Global
	GlobalSection(SolutionConfigurationPlatforms) = preSolution
		Debug|Any CPU = Debug|Any CPU
		Release|Any CPU = Release|Any CPU
	EndGlobalSection
	GlobalSection(ProjectConfigurationPlatforms) = postSolution
		{C21E6F70-46D5-475F-BC99-2FC353866FE2}.Debug|Any CPU.ActiveCfg = Debug|Any CPU
		{C21E6F70-46D5-475F-BC99-2FC353866FE2}.Debug|Any CPU.Build.0 = Debug|Any CPU
		{C21E6F70-46D5-475F-BC99-2FC353866FE2}.Release|Any CPU.ActiveCfg = Release|Any CPU
		{C21E6F70-46D5-475F-BC99-2FC353866FE2}.Release|Any CPU.Build.0 = Release|Any CPU
	EndGlobalSection
	GlobalSection(SolutionProperties) = preSolution
		HideSolutionNode = FALSE
	EndGlobalSection
	GlobalSection(ExtensibilityGlobals) = postSolution
		SolutionGuid = {049A804F-0950-44EB-94E7-250D3842AC8D}
	EndGlobalSection
EndGlobal
