
Microsoft Visual Studio Solution File, Format Version 12.00
# Visual Studio Version 17
VisualStudioVersion = 17.14.36603.0
MinimumVisualStudioVersion = 10.0.40219.1
Project("{FAE04EC0-301F-11D3-BF4B-00C04F79EFBC}") = "Laboratorio 15-1", "Laboratorio 15-1\Laboratorio 15-1.csproj", "{5B36A74B-4145-4CE8-A270-A041A1FB13A4}"
EndProject
Project("{FAE04EC0-301F-11D3-BF4B-00C04F79EFBC}") = "Laboratorio 15-2", "Laboratorio 15-2\Laboratorio 15-2.csproj", "{9FFE6D85-3889-4A1F-822C-8024AF973254}"
EndProject
Project("{FAE04EC0-301F-11D3-BF4B-00C04F79EFBC}") = "Laboratorio 15-3", "Laboratorio 15-3\Laboratorio 15-3.csproj", "{04144065-5521-4E1C-B583-C161E0B9E3B9}"
EndProject
Global
	GlobalSection(SolutionConfigurationPlatforms) = preSolution
		Debug|Any CPU = Debug|Any CPU
		Release|Any CPU = Release|Any CPU
	EndGlobalSection
	GlobalSection(ProjectConfigurationPlatforms) = postSolution
		{5B36A74B-4145-4CE8-A270-A041A1FB13A4}.Debug|Any CPU.ActiveCfg = Debug|Any CPU
		{5B36A74B-4145-4CE8-A270-A041A1FB13A4}.Debug|Any CPU.Build.0 = Debug|Any CPU
		{5B36A74B-4145-4CE8-A270-A041A1FB13A4}.Release|Any CPU.ActiveCfg = Release|Any CPU
		{5B36A74B-4145-4CE8-A270-A041A1FB13A4}.Release|Any CPU.Build.0 = Release|Any CPU
		{9FFE6D85-3889-4A1F-822C-8024AF973254}.Debug|Any CPU.ActiveCfg = Debug|Any CPU
		{9FFE6D85-3889-4A1F-822C-8024AF973254}.Debug|Any CPU.Build.0 = Debug|Any CPU
		{9FFE6D85-3889-4A1F-822C-8024AF973254}.Release|Any CPU.ActiveCfg = Release|Any CPU
		{9FFE6D85-3889-4A1F-822C-8024AF973254}.Release|Any CPU.Build.0 = Release|Any CPU
		{04144065-5521-4E1C-B583-C161E0B9E3B9}.Debug|Any CPU.ActiveCfg = Debug|Any CPU
		{04144065-5521-4E1C-B583-C161E0B9E3B9}.Debug|Any CPU.Build.0 = Debug|Any CPU
		{04144065-5521-4E1C-B583-C161E0B9E3B9}.Release|Any CPU.ActiveCfg = Release|Any CPU
		{04144065-5521-4E1C-B583-C161E0B9E3B9}.Release|Any CPU.Build.0 = Release|Any CPU
	EndGlobalSection
	GlobalSection(SolutionProperties) = preSolution
		HideSolutionNode = FALSE
	EndGlobalSection
	GlobalSection(ExtensibilityGlobals) = postSolution
		SolutionGuid = {3DF7A9E2-390C-4A7F-B6F2-139141E2557D}
	EndGlobalSection
EndGlobal
