
Microsoft Visual Studio Solution File, Format Version 12.00
# Visual Studio Version 17
VisualStudioVersion = 17.14.36705.20 d17.14
MinimumVisualStudioVersion = 10.0.40219.1
Project("{FAE04EC0-301F-11D3-BF4B-00C04F79EFBC}") = "Laboratorio 16-1", "Laboratorio 16-1\Laboratorio 16-1.csproj", "{7824F824-DEA2-4129-8603-B49F6A2A585E}"
EndProject
Global
	GlobalSection(SolutionConfigurationPlatforms) = preSolution
		Debug|Any CPU = Debug|Any CPU
		Release|Any CPU = Release|Any CPU
	EndGlobalSection
	GlobalSection(ProjectConfigurationPlatforms) = postSolution
		{7824F824-DEA2-4129-8603-B49F6A2A585E}.Debug|Any CPU.ActiveCfg = Debug|Any CPU
		{7824F824-DEA2-4129-8603-B49F6A2A585E}.Debug|Any CPU.Build.0 = Debug|Any CPU
		{7824F824-DEA2-4129-8603-B49F6A2A585E}.Release|Any CPU.ActiveCfg = Release|Any CPU
		{7824F824-DEA2-4129-8603-B49F6A2A585E}.Release|Any CPU.Build.0 = Release|Any CPU
	EndGlobalSection
	GlobalSection(SolutionProperties) = preSolution
		HideSolutionNode = FALSE
	EndGlobalSection
	GlobalSection(ExtensibilityGlobals) = postSolution
		SolutionGuid = {49591938-95B4-4F15-B0C0-A01959671BC1}
	EndGlobalSection
EndGlobal
