
Microsoft Visual Studio Solution File, Format Version 12.00
# Visual Studio Version 17
VisualStudioVersion = 17.14.36414.22 d17.14
MinimumVisualStudioVersion = 10.0.40219.1
Project("{FAE04EC0-301F-11D3-BF4B-00C04F79EFBC}") = "Laboratorio 5", "Laboratorio 5\Laboratorio 5.csproj", "{98033A3E-55A3-432B-A774-C3F7BFA8C50C}"
EndProject
Project("{FAE04EC0-301F-11D3-BF4B-00C04F79EFBC}") = "Laboratorio 5-2", "Laboratorio 5-2\Laboratorio 5-2.csproj", "{BC93FC78-60BD-42CE-8ED6-F5636D75AC78}"
EndProject
Project("{FAE04EC0-301F-11D3-BF4B-00C04F79EFBC}") = "Laboratorio 5-3", "Laboratorio 5-3\Laboratorio 5-3.csproj", "{408CF5D0-AEF2-4FA4-9DEA-2040C2170B90}"
EndProject
Project("{FAE04EC0-301F-11D3-BF4B-00C04F79EFBC}") = "Laboratorio 5-4", "Laboratorio 5-4\Laboratorio 5-4.csproj", "{6D306A26-DC10-42CF-B9E8-7E3E90B9B92D}"
EndProject
Global
	GlobalSection(SolutionConfigurationPlatforms) = preSolution
		Debug|Any CPU = Debug|Any CPU
		Release|Any CPU = Release|Any CPU
	EndGlobalSection
	GlobalSection(ProjectConfigurationPlatforms) = postSolution
		{98033A3E-55A3-432B-A774-C3F7BFA8C50C}.Debug|Any CPU.ActiveCfg = Debug|Any CPU
		{98033A3E-55A3-432B-A774-C3F7BFA8C50C}.Debug|Any CPU.Build.0 = Debug|Any CPU
		{98033A3E-55A3-432B-A774-C3F7BFA8C50C}.Release|Any CPU.ActiveCfg = Release|Any CPU
		{98033A3E-55A3-432B-A774-C3F7BFA8C50C}.Release|Any CPU.Build.0 = Release|Any CPU
		{BC93FC78-60BD-42CE-8ED6-F5636D75AC78}.Debug|Any CPU.ActiveCfg = Debug|Any CPU
		{BC93FC78-60BD-42CE-8ED6-F5636D75AC78}.Debug|Any CPU.Build.0 = Debug|Any CPU
		{BC93FC78-60BD-42CE-8ED6-F5636D75AC78}.Release|Any CPU.ActiveCfg = Release|Any CPU
		{BC93FC78-60BD-42CE-8ED6-F5636D75AC78}.Release|Any CPU.Build.0 = Release|Any CPU
		{408CF5D0-AEF2-4FA4-9DEA-2040C2170B90}.Debug|Any CPU.ActiveCfg = Debug|Any CPU
		{408CF5D0-AEF2-4FA4-9DEA-2040C2170B90}.Debug|Any CPU.Build.0 = Debug|Any CPU
		{408CF5D0-AEF2-4FA4-9DEA-2040C2170B90}.Release|Any CPU.ActiveCfg = Release|Any CPU
		{408CF5D0-AEF2-4FA4-9DEA-2040C2170B90}.Release|Any CPU.Build.0 = Release|Any CPU
		{6D306A26-DC10-42CF-B9E8-7E3E90B9B92D}.Debug|Any CPU.ActiveCfg = Debug|Any CPU
		{6D306A26-DC10-42CF-B9E8-7E3E90B9B92D}.Debug|Any CPU.Build.0 = Debug|Any CPU
		{6D306A26-DC10-42CF-B9E8-7E3E90B9B92D}.Release|Any CPU.ActiveCfg = Release|Any CPU
		{6D306A26-DC10-42CF-B9E8-7E3E90B9B92D}.Release|Any CPU.Build.0 = Release|Any CPU
	EndGlobalSection
	GlobalSection(SolutionProperties) = preSolution
		HideSolutionNode = FALSE
	EndGlobalSection
	GlobalSection(ExtensibilityGlobals) = postSolution
		SolutionGuid = {3145599C-3090-4337-815A-CA9F434C3339}
	EndGlobalSection
EndGlobal
