
Microsoft Visual Studio Solution File, Format Version 12.00
# Visual Studio Version 17
VisualStudioVersion = 17.14.36414.22 d17.14
MinimumVisualStudioVersion = 10.0.40219.1
Project("{FAE04EC0-301F-11D3-BF4B-00C04F79EFBC}") = "Laboratorio 2", "Laboratorio 2\Laboratorio 2.csproj", "{84E4EA54-225D-4105-92BD-9C5B97D135C3}"
EndProject
Global
	GlobalSection(SolutionConfigurationPlatforms) = preSolution
		Debug|Any CPU = Debug|Any CPU
		Release|Any CPU = Release|Any CPU
	EndGlobalSection
	GlobalSection(ProjectConfigurationPlatforms) = postSolution
		{84E4EA54-225D-4105-92BD-9C5B97D135C3}.Debug|Any CPU.ActiveCfg = Debug|Any CPU
		{84E4EA54-225D-4105-92BD-9C5B97D135C3}.Debug|Any CPU.Build.0 = Debug|Any CPU
		{84E4EA54-225D-4105-92BD-9C5B97D135C3}.Release|Any CPU.ActiveCfg = Release|Any CPU
		{84E4EA54-225D-4105-92BD-9C5B97D135C3}.Release|Any CPU.Build.0 = Release|Any CPU
	EndGlobalSection
	GlobalSection(SolutionProperties) = preSolution
		HideSolutionNode = FALSE
	EndGlobalSection
	GlobalSection(ExtensibilityGlobals) = postSolution
		SolutionGuid = {692C7087-A4A5-465E-B8D6-1C65C9064CBC}
	EndGlobalSection
EndGlobal
