
Microsoft Visual Studio Solution File, Format Version 12.00
# Visual Studio Version 17
VisualStudioVersion = 17.14.36414.22
MinimumVisualStudioVersion = 10.0.40219.1
Project("{FAE04EC0-301F-11D3-BF4B-00C04F79EFBC}") = "Laboratorio 3", "Laboratorio 3\Laboratorio 3.csproj", "{B5722D44-9636-4480-B620-D5110CDCED9F}"
EndProject
Project("{FAE04EC0-301F-11D3-BF4B-00C04F79EFBC}") = "Laboratorio 3-1", "Laboratorio 3-1\Laboratorio 3-1.csproj", "{9699A837-2CD7-434A-9945-890591497E1C}"
EndProject
Project("{FAE04EC0-301F-11D3-BF4B-00C04F79EFBC}") = "Laboratorio 3-2", "Laboratorio 3-2\Laboratorio 3-2.csproj", "{827831F4-809E-46DF-86FB-55AB86134522}"
EndProject
Project("{FAE04EC0-301F-11D3-BF4B-00C04F79EFBC}") = "Laboratorio 3-3", "Laboratorio 3-3\Laboratorio 3-3.csproj", "{DF4071C0-6441-4F10-90B2-81A32166FCA7}"
EndProject
Global
	GlobalSection(SolutionConfigurationPlatforms) = preSolution
		Debug|Any CPU = Debug|Any CPU
		Release|Any CPU = Release|Any CPU
	EndGlobalSection
	GlobalSection(ProjectConfigurationPlatforms) = postSolution
		{B5722D44-9636-4480-B620-D5110CDCED9F}.Debug|Any CPU.ActiveCfg = Debug|Any CPU
		{B5722D44-9636-4480-B620-D5110CDCED9F}.Debug|Any CPU.Build.0 = Debug|Any CPU
		{B5722D44-9636-4480-B620-D5110CDCED9F}.Release|Any CPU.ActiveCfg = Release|Any CPU
		{B5722D44-9636-4480-B620-D5110CDCED9F}.Release|Any CPU.Build.0 = Release|Any CPU
		{9699A837-2CD7-434A-9945-890591497E1C}.Debug|Any CPU.ActiveCfg = Debug|Any CPU
		{9699A837-2CD7-434A-9945-890591497E1C}.Debug|Any CPU.Build.0 = Debug|Any CPU
		{9699A837-2CD7-434A-9945-890591497E1C}.Release|Any CPU.ActiveCfg = Release|Any CPU
		{9699A837-2CD7-434A-9945-890591497E1C}.Release|Any CPU.Build.0 = Release|Any CPU
		{827831F4-809E-46DF-86FB-55AB86134522}.Debug|Any CPU.ActiveCfg = Debug|Any CPU
		{827831F4-809E-46DF-86FB-55AB86134522}.Debug|Any CPU.Build.0 = Debug|Any CPU
		{827831F4-809E-46DF-86FB-55AB86134522}.Release|Any CPU.ActiveCfg = Release|Any CPU
		{827831F4-809E-46DF-86FB-55AB86134522}.Release|Any CPU.Build.0 = Release|Any CPU
		{DF4071C0-6441-4F10-90B2-81A32166FCA7}.Debug|Any CPU.ActiveCfg = Debug|Any CPU
		{DF4071C0-6441-4F10-90B2-81A32166FCA7}.Debug|Any CPU.Build.0 = Debug|Any CPU
		{DF4071C0-6441-4F10-90B2-81A32166FCA7}.Release|Any CPU.ActiveCfg = Release|Any CPU
		{DF4071C0-6441-4F10-90B2-81A32166FCA7}.Release|Any CPU.Build.0 = Release|Any CPU
	EndGlobalSection
	GlobalSection(SolutionProperties) = preSolution
		HideSolutionNode = FALSE
	EndGlobalSection
	GlobalSection(ExtensibilityGlobals) = postSolution
		SolutionGuid = {4140B8C5-3952-4CDF-A54E-2A54FB4538BB}
	EndGlobalSection
EndGlobal
